
Microsoft Visual Studio Solution File, Format Version 12.00
# Visual Studio Version 16
VisualStudioVersion = 16.0.30204.135
MinimumVisualStudioVersion = 10.0.40219.1
Project("{FAE04EC0-301F-11D3-BF4B-00C04F79EFBC}") = "WSCrud", "WSCrud\WSCrud.csproj", "{132E2E18-F381-4BCB-ACAB-8FF8E86A50D7}"
EndProject
Global
	GlobalSection(SolutionConfigurationPlatforms) = preSolution
		Debug|Any CPU = Debug|Any CPU
		Release|Any CPU = Release|Any CPU
	EndGlobalSection
	GlobalSection(ProjectConfigurationPlatforms) = postSolution
		{132E2E18-F381-4BCB-ACAB-8FF8E86A50D7}.Debug|Any CPU.ActiveCfg = Debug|Any CPU
		{132E2E18-F381-4BCB-ACAB-8FF8E86A50D7}.Debug|Any CPU.Build.0 = Debug|Any CPU
		{132E2E18-F381-4BCB-ACAB-8FF8E86A50D7}.Release|Any CPU.ActiveCfg = Release|Any CPU
		{132E2E18-F381-4BCB-ACAB-8FF8E86A50D7}.Release|Any CPU.Build.0 = Release|Any CPU
	EndGlobalSection
	GlobalSection(SolutionProperties) = preSolution
		HideSolutionNode = FALSE
	EndGlobalSection
	GlobalSection(ExtensibilityGlobals) = postSolution
		SolutionGuid = {3F05E6FD-3796-49AF-AA3F-3E8AD9A5AB28}
	EndGlobalSection
EndGlobal
